
Microsoft Visual Studio Solution File, Format Version 12.00
# Visual Studio 15
VisualStudioVersion = 15.0.26730.16
MinimumVisualStudioVersion = 10.0.40219.1
Project("{FAE04EC0-301F-11D3-BF4B-00C04F79EFBC}") = "SampleDemoAspNewCore", "SampleDemoAspNewCore\SampleDemoAspNewCore.csproj", "{3025B02B-6344-4780-A66A-3E49D6320F24}"
EndProject
Global
	GlobalSection(SolutionConfigurationPlatforms) = preSolution
		Debug|Any CPU = Debug|Any CPU
		Release|Any CPU = Release|Any CPU
	EndGlobalSection
	GlobalSection(ProjectConfigurationPlatforms) = postSolution
		{3025B02B-6344-4780-A66A-3E49D6320F24}.Debug|Any CPU.ActiveCfg = Debug|Any CPU
		{3025B02B-6344-4780-A66A-3E49D6320F24}.Debug|Any CPU.Build.0 = Debug|Any CPU
		{3025B02B-6344-4780-A66A-3E49D6320F24}.Release|Any CPU.ActiveCfg = Release|Any CPU
		{3025B02B-6344-4780-A66A-3E49D6320F24}.Release|Any CPU.Build.0 = Release|Any CPU
	EndGlobalSection
	GlobalSection(SolutionProperties) = preSolution
		HideSolutionNode = FALSE
	EndGlobalSection
	GlobalSection(ExtensibilityGlobals) = postSolution
		SolutionGuid = {673E1998-0624-44FB-9C52-E880BFE2324C}
	EndGlobalSection
EndGlobal
