
Microsoft Visual Studio Solution File, Format Version 12.00
# Visual Studio 15
VisualStudioVersion = 15.0.26730.16
MinimumVisualStudioVersion = 10.0.40219.1
Project("{FAE04EC0-301F-11D3-BF4B-00C04F79EFBC}") = "FileMailnenance", "FileMailnenance\FileMailnenance.csproj", "{A2834200-929F-4AE8-B5E8-FA16101E31A1}"
EndProject
Project("{FAE04EC0-301F-11D3-BF4B-00C04F79EFBC}") = "UnitTestProject1", "UnitTestProject1\UnitTestProject1.csproj", "{0F976017-A72C-433F-B901-CA44EA7C448D}"
EndProject
Global
	GlobalSection(SolutionConfigurationPlatforms) = preSolution
		Debug|Any CPU = Debug|Any CPU
		Release|Any CPU = Release|Any CPU
	EndGlobalSection
	GlobalSection(ProjectConfigurationPlatforms) = postSolution
		{A2834200-929F-4AE8-B5E8-FA16101E31A1}.Debug|Any CPU.ActiveCfg = Debug|Any CPU
		{A2834200-929F-4AE8-B5E8-FA16101E31A1}.Debug|Any CPU.Build.0 = Debug|Any CPU
		{A2834200-929F-4AE8-B5E8-FA16101E31A1}.Release|Any CPU.ActiveCfg = Release|Any CPU
		{A2834200-929F-4AE8-B5E8-FA16101E31A1}.Release|Any CPU.Build.0 = Release|Any CPU
		{0F976017-A72C-433F-B901-CA44EA7C448D}.Debug|Any CPU.ActiveCfg = Debug|Any CPU
		{0F976017-A72C-433F-B901-CA44EA7C448D}.Debug|Any CPU.Build.0 = Debug|Any CPU
		{0F976017-A72C-433F-B901-CA44EA7C448D}.Release|Any CPU.ActiveCfg = Release|Any CPU
		{0F976017-A72C-433F-B901-CA44EA7C448D}.Release|Any CPU.Build.0 = Release|Any CPU
	EndGlobalSection
	GlobalSection(SolutionProperties) = preSolution
		HideSolutionNode = FALSE
	EndGlobalSection
	GlobalSection(ExtensibilityGlobals) = postSolution
		SolutionGuid = {16DD889D-7E92-4C28-9E58-754CDCA2E374}
	EndGlobalSection
EndGlobal
